<?xml version="1.0" encoding="UTF-8"?>
<Scheme
   LastUpgradeVersion = "1510"
   version = "1.7">
   <BuildAction
      parallelizeBuildables = "YES"
      buildImplicitDependencies = "NO">
      <BuildActionEntries>
         <BuildActionEntry
            buildForTesting = "YES"
            buildForRunning = "YES"
            buildForProfiling = "YES"
            buildForArchiving = "YES"
            buildForAnalyzing = "YES">
            <BuildableReference
               BuildableIdentifier = "primary"
               BlueprintIdentifier = "B2E14ABE2D2EAF1D00CA7D5A"
               BuildableName = "Game-Master-AI.app"
               BlueprintName = "Game-Master-AI"
               ReferencedContainer = "container:Game-Master-AI.xcodeproj">
            </BuildableReference>
         </BuildActionEntry>
      </BuildActionEntries>
   </BuildAction>
   <TestAction
      buildConfiguration = "Release"
      selectedDebuggerIdentifier = "Xcode.DebuggerFoundation.Debugger.LLDB"
      selectedLauncherIdentifier = "Xcode.DebuggerFoundation.Launcher.LLDB"
      shouldUseLaunchSchemeArgsEnv = "YES"
      shouldAutocreateTestPlan = "YES">
   </TestAction>
   <LaunchAction
      buildConfiguration = "Release"
      selectedDebuggerIdentifier = "Xcode.DebuggerFoundation.Debugger.LLDB"
      selectedLauncherIdentifier = "Xcode.DebuggerFoundation.Launcher.LLDB"
      launchStyle = "0"
      useCustomWorkingDirectory = "NO"
      ignoresPersistentStateOnLaunch = "NO"
      debugDocumentVersioning = "YES"
      debugServiceExtension = "internal"
      allowLocationSimulation = "YES">
      <BuildableProductRunnable
         runnableDebuggingMode = "0">
         <BuildableReference
            BuildableIdentifier = "primary"
            BlueprintIdentifier = "B2E14ABE2D2EAF1D00CA7D5A"
            BuildableName = "Game-Master-AI.app"
            BlueprintName = "Game-Master-AI"
            ReferencedContainer = "container:Game-Master-AI.xcodeproj">
         </BuildableReference>
      </BuildableProductRunnable>
      <StoreKitConfigurationFileReference
         identifier = "../../Game-Master-AI/StoreKitConfiguration.storekit">
      </StoreKitConfigurationFileReference>
   </LaunchAction>
   <ProfileAction
      buildConfiguration = "Release"
      shouldUseLaunchSchemeArgsEnv = "YES"
      savedToolIdentifier = ""
      useCustomWorkingDirectory = "NO"
      debugDocumentVersioning = "YES">
      <BuildableProductRunnable
         runnableDebuggingMode = "0">
         <BuildableReference
            BuildableIdentifier = "primary"
            BlueprintIdentifier = "B2E14ABE2D2EAF1D00CA7D5A"
            BuildableName = "Game-Master-AI.app"
            BlueprintName = "Game-Master-AI"
            ReferencedContainer = "container:Game-Master-AI.xcodeproj">
         </BuildableReference>
      </BuildableProductRunnable>
   </ProfileAction>
   <AnalyzeAction
      buildConfiguration = "Release">
   </AnalyzeAction>
   <ArchiveAction
      buildConfiguration = "Release"
      revealArchiveInOrganizer = "YES">
   </ArchiveAction>
</Scheme>
