// !$*UTF8*$!
{
	archiveVersion = 1;
	classes = {
	};
	objectVersion = 60;
	objects = {

/* Begin PBXBuildFile section */
		B206F2AF2D57A1F100DAD789 /* TierType.swift in Sources */ = {isa = PBXBuildFile; fileRef = B206F2AE2D57A1F100DAD789 /* TierType.swift */; };
		B206F2B12D57B0AA00DAD789 /* TabRoute.swift in Sources */ = {isa = PBXBuildFile; fileRef = B206F2B02D57B0AA00DAD789 /* TabRoute.swift */; };
		B206F2B32D57C1A800DAD789 /* TabToolbarRoute.swift in Sources */ = {isa = PBXBuildFile; fileRef = B206F2B22D57C1A800DAD789 /* TabToolbarRoute.swift */; };
		B20819C52D5F7ED70051ED9E /* OnboardingSampleChatView.swift in Sources */ = {isa = PBXBuildFile; fileRef = B20819C42D5F7ED70051ED9E /* OnboardingSampleChatView.swift */; };
		B20819C72D5F7F4E0051ED9E /* OnboardingSampleChatViewModel.swift in Sources */ = {isa = PBXBuildFile; fileRef = B20819C62D5F7F4E0051ED9E /* OnboardingSampleChatViewModel.swift */; };
		B20819C92D5F81250051ED9E /* SampleCompletionsRequest.swift in Sources */ = {isa = PBXBuildFile; fileRef = B20819C82D5F81250051ED9E /* SampleCompletionsRequest.swift */; };
		B20CD2692D6B9EB500850B89 /* encryption_aes_key in Resources */ = {isa = PBXBuildFile; fileRef = B20CD2682D6B9EB500850B89 /* encryption_aes_key */; };
		B21B283F2D35457F00DA2FB4 /* D4.dae in Resources */ = {isa = PBXBuildFile; fileRef = B21B283A2D35457F00DA2FB4 /* D4.dae */; };
		B21B28402D35457F00DA2FB4 /* D6.dae in Resources */ = {isa = PBXBuildFile; fileRef = B21B283B2D35457F00DA2FB4 /* D6.dae */; };
		B21B28412D35457F00DA2FB4 /* D12.dae in Resources */ = {isa = PBXBuildFile; fileRef = B21B283C2D35457F00DA2FB4 /* D12.dae */; };
		B21B28422D35457F00DA2FB4 /* D8.dae in Resources */ = {isa = PBXBuildFile; fileRef = B21B283D2D35457F00DA2FB4 /* D8.dae */; };
		B21B28462D358CE100DA2FB4 /* D20.dae in Resources */ = {isa = PBXBuildFile; fileRef = B21B28452D358CE100DA2FB4 /* D20.dae */; };
		B223BE3A2D4AB5FC005CA9B3 /* encryption_public_key.pem in Resources */ = {isa = PBXBuildFile; fileRef = B223BE392D4AB5FC005CA9B3 /* encryption_public_key.pem */; };
		B22D35F92D68AB5A007F65F2 /* BoardGameWhisperCompletionsRequest.swift in Sources */ = {isa = PBXBuildFile; fileRef = B22D35F82D68AB5A007F65F2 /* BoardGameWhisperCompletionsRequest.swift */; };
		B22E9D562D4FB3BF00BA1C28 /* ChatAddNewGameView.swift in Sources */ = {isa = PBXBuildFile; fileRef = B22E9D552D4FB3BE00BA1C28 /* ChatAddNewGameView.swift */; };
		B22E9D592D4FF2A000BA1C28 /* ChatAddNewGameViewModel.swift in Sources */ = {isa = PBXBuildFile; fileRef = B22E9D582D4FF2A000BA1C28 /* ChatAddNewGameViewModel.swift */; };
		B22FCE232D6342C000241F25 /* PaywallViewModel.swift in Sources */ = {isa = PBXBuildFile; fileRef = B22FCE222D6342C000241F25 /* PaywallViewModel.swift */; };
		B234D3852D551C5D0041ED4C /* ChatAddNewGameView+PDFFilePickerView.swift in Sources */ = {isa = PBXBuildFile; fileRef = B234D3842D551C5D0041ED4C /* ChatAddNewGameView+PDFFilePickerView.swift */; };
		B234D3882D553E4A0041ED4C /* ProcessInstructionAPIService.swift in Sources */ = {isa = PBXBuildFile; fileRef = B234D3872D553E4A0041ED4C /* ProcessInstructionAPIService.swift */; };
		B234D38A2D553E710041ED4C /* ProcessInstructionRequest.swift in Sources */ = {isa = PBXBuildFile; fileRef = B234D3892D553E710041ED4C /* ProcessInstructionRequest.swift */; };
		B2390B1E2D33DB5500310046 /* privacy_policy.txt in Resources */ = {isa = PBXBuildFile; fileRef = B2390B1C2D33DB5500310046 /* privacy_policy.txt */; };
		B2390B1F2D33DB5500310046 /* terms_and_conditions.txt in Resources */ = {isa = PBXBuildFile; fileRef = B2390B1D2D33DB5500310046 /* terms_and_conditions.txt */; };
		B2390B212D34051D00310046 /* SceneKitView.swift in Sources */ = {isa = PBXBuildFile; fileRef = B2390B202D34051D00310046 /* SceneKitView.swift */; };
		B2390B242D3405D600310046 /* DiceType.swift in Sources */ = {isa = PBXBuildFile; fileRef = B2390B232D3405D600310046 /* DiceType.swift */; };
		B2390B292D3428C300310046 /* ArrayExtensions.swift in Sources */ = {isa = PBXBuildFile; fileRef = B2390B282D3428C300310046 /* ArrayExtensions.swift */; };
		B24808782D329A78002F0017 /* ChatViewModel.swift in Sources */ = {isa = PBXBuildFile; fileRef = B24808772D329A78002F0017 /* ChatViewModel.swift */; };
		B2550A072D42910400906DFF /* GamesView.swift in Sources */ = {isa = PBXBuildFile; fileRef = B2550A062D42910400906DFF /* GamesView.swift */; };
		B2550A0F2D42A94100906DFF /* ChatListView.swift in Sources */ = {isa = PBXBuildFile; fileRef = B2550A0E2D42A94100906DFF /* ChatListView.swift */; };
		B2550A112D42AB7C00906DFF /* ChatTabCustomGamesViewModel.swift in Sources */ = {isa = PBXBuildFile; fileRef = B2550A102D42AB7C00906DFF /* ChatTabCustomGamesViewModel.swift */; };
		B2550A162D42AC4600906DFF /* GameModel.swift in Sources */ = {isa = PBXBuildFile; fileRef = B2550A152D42AC4600906DFF /* GameModel.swift */; };
		B2600AEF2D33305A0096E553 /* DicesView.swift in Sources */ = {isa = PBXBuildFile; fileRef = B2600AEE2D33305A0096E553 /* DicesView.swift */; };
		B265ACB82D674B6800B4EAF3 /* CountersView.swift in Sources */ = {isa = PBXBuildFile; fileRef = B265ACB72D674B6800B4EAF3 /* CountersView.swift */; };
		B265ACBA2D674C2200B4EAF3 /* CounterViewToolbar.swift in Sources */ = {isa = PBXBuildFile; fileRef = B265ACB92D674C2200B4EAF3 /* CounterViewToolbar.swift */; };
		B265ACBE2D674DE400B4EAF3 /* CountersViewModel.swift in Sources */ = {isa = PBXBuildFile; fileRef = B265ACBD2D674DE400B4EAF3 /* CountersViewModel.swift */; };
		B265ACC02D67856200B4EAF3 /* ColorExtensions.swift in Sources */ = {isa = PBXBuildFile; fileRef = B265ACBF2D67855E00B4EAF3 /* ColorExtensions.swift */; };
		B265ACC32D679DF200B4EAF3 /* TimersView.swift in Sources */ = {isa = PBXBuildFile; fileRef = B265ACC22D679DF200B4EAF3 /* TimersView.swift */; };
		B265ACC62D679E1900B4EAF3 /* TimersViewModel.swift in Sources */ = {isa = PBXBuildFile; fileRef = B265ACC52D679E1900B4EAF3 /* TimersViewModel.swift */; };
		B265ACC82D67A0E600B4EAF3 /* TimersViewToolbar.swift in Sources */ = {isa = PBXBuildFile; fileRef = B265ACC72D67A0E600B4EAF3 /* TimersViewToolbar.swift */; };
		B2703E082D6F220B00B32EFC /* ChatRefillDialogSheetView.swift in Sources */ = {isa = PBXBuildFile; fileRef = B2703E072D6F220300B32EFC /* ChatRefillDialogSheetView.swift */; };
		B27C4EFD2D43BAA900FE5B08 /* ChatView.swift in Sources */ = {isa = PBXBuildFile; fileRef = B27C4EFC2D43BAA900FE5B08 /* ChatView.swift */; };
		B27F119E2D64C1DB000E38C6 /* GoogleService-Info.plist in Resources */ = {isa = PBXBuildFile; fileRef = B27F119D2D64C1DB000E38C6 /* GoogleService-Info.plist */; };
		B27F46192D60A12C00D1566C /* OnboardingChatSampleScreenView.swift in Sources */ = {isa = PBXBuildFile; fileRef = B27F46182D60A12C00D1566C /* OnboardingChatSampleScreenView.swift */; };
		B287A4452D71D00800602E8A /* CountersView+CounterViewListCell.swift in Sources */ = {isa = PBXBuildFile; fileRef = B287A4442D71D00800602E8A /* CountersView+CounterViewListCell.swift */; };
		B287A4472D71D03800602E8A /* CountersView+AddNewCounterView.swift in Sources */ = {isa = PBXBuildFile; fileRef = B287A4462D71D03800602E8A /* CountersView+AddNewCounterView.swift */; };
		B287A4492D71D07100602E8A /* TimersView+TimerViewListCell.swift in Sources */ = {isa = PBXBuildFile; fileRef = B287A4482D71D07100602E8A /* TimersView+TimerViewListCell.swift */; };
		B287A44B2D71D09000602E8A /* TimersView+TimerPickerView.swift in Sources */ = {isa = PBXBuildFile; fileRef = B287A44A2D71D09000602E8A /* TimersView+TimerPickerView.swift */; };
		B287A44D2D7325FD00602E8A /* PrivacyInfo.xcprivacy in Resources */ = {isa = PBXBuildFile; fileRef = B287A44C2D7325FD00602E8A /* PrivacyInfo.xcprivacy */; };
		B29A05972D5381CD000058C6 /* ChatAddNewGame+LoadingView.swift in Sources */ = {isa = PBXBuildFile; fileRef = B29A05962D5381CD000058C6 /* ChatAddNewGame+LoadingView.swift */; };
		B29A059A2D539B0A000058C6 /* ChatAddNewGameView.LoadingView+MemoryView.swift in Sources */ = {isa = PBXBuildFile; fileRef = B29A05992D539B0A000058C6 /* ChatAddNewGameView.LoadingView+MemoryView.swift */; };
		B29A059E2D53A408000058C6 /* ChatAddNewGameView+CameraPickerView.swift in Sources */ = {isa = PBXBuildFile; fileRef = B29A059D2D53A408000058C6 /* ChatAddNewGameView+CameraPickerView.swift */; };
		B2A374502D4E37100065F8F6 /* BoardGameCompletionsRequest.swift in Sources */ = {isa = PBXBuildFile; fileRef = B2A3744F2D4E37100065F8F6 /* BoardGameCompletionsRequest.swift */; };
		B2CF13F12D39290200B8F55B /* Config-Debug.plist in Resources */ = {isa = PBXBuildFile; fileRef = B2CF13F02D39290200B8F55B /* Config-Debug.plist */; };
		B2CF13F32D3977BA00B8F55B /* Config-Release.plist in Resources */ = {isa = PBXBuildFile; fileRef = B2CF13F22D3977BA00B8F55B /* Config-Release.plist */; };
		B2DF20222D2EB78600301845 /* Essentials in Frameworks */ = {isa = PBXBuildFile; productRef = B2DF20212D2EB78600301845 /* Essentials */; };
		B2E14AC32D2EAF1D00CA7D5A /* Game_Master_AIApp.swift in Sources */ = {isa = PBXBuildFile; fileRef = B2E14AC22D2EAF1D00CA7D5A /* Game_Master_AIApp.swift */; };
		B2E14AC72D2EAF1E00CA7D5A /* Assets.xcassets in Resources */ = {isa = PBXBuildFile; fileRef = B2E14AC62D2EAF1E00CA7D5A /* Assets.xcassets */; };
		B2E14ACA2D2EAF1E00CA7D5A /* Preview Assets.xcassets in Resources */ = {isa = PBXBuildFile; fileRef = B2E14AC92D2EAF1E00CA7D5A /* Preview Assets.xcassets */; };
		B2E64F0E2D59683500EDF1CF /* ChatViewFailureToolbar.swift in Sources */ = {isa = PBXBuildFile; fileRef = B2E64F0D2D59683500EDF1CF /* ChatViewFailureToolbar.swift */; };
		B2E64F102D59684C00EDF1CF /* DiceTabToolbar.swift in Sources */ = {isa = PBXBuildFile; fileRef = B2E64F0F2D59684C00EDF1CF /* DiceTabToolbar.swift */; };
		B2E64F122D59687C00EDF1CF /* ChatListViewToolbar.swift in Sources */ = {isa = PBXBuildFile; fileRef = B2E64F112D59687C00EDF1CF /* ChatListViewToolbar.swift */; };
		B2EDD09A2D5E08F30068F37A /* OnboardingView.swift in Sources */ = {isa = PBXBuildFile; fileRef = B2EDD0992D5E08F30068F37A /* OnboardingView.swift */; };
		B2EDD09C2D5E09410068F37A /* PaywallView.swift in Sources */ = {isa = PBXBuildFile; fileRef = B2EDD09B2D5E09410068F37A /* PaywallView.swift */; };
		B2EDD09E2D5E17860068F37A /* OnboardingViewModel.swift in Sources */ = {isa = PBXBuildFile; fileRef = B2EDD09D2D5E17860068F37A /* OnboardingViewModel.swift */; };
		B2EDD0A32D5E95B80068F37A /* OnboardingFirstScreenView.swift in Sources */ = {isa = PBXBuildFile; fileRef = B2EDD0A22D5E95B80068F37A /* OnboardingFirstScreenView.swift */; };
		B2EDD0A52D5E95CA0068F37A /* OnboardingSecondScreenView.swift in Sources */ = {isa = PBXBuildFile; fileRef = B2EDD0A42D5E95CA0068F37A /* OnboardingSecondScreenView.swift */; };
		B2EDD0A72D5E95D30068F37A /* OnboardingThirdScreenView.swift in Sources */ = {isa = PBXBuildFile; fileRef = B2EDD0A62D5E95D30068F37A /* OnboardingThirdScreenView.swift */; };
		B2EDD0A92D5E95E10068F37A /* OnboardingForthScreenView.swift in Sources */ = {isa = PBXBuildFile; fileRef = B2EDD0A82D5E95E10068F37A /* OnboardingForthScreenView.swift */; };
		B2EDD0AB2D5E95F20068F37A /* OnboardingLandingScreenView.swift in Sources */ = {isa = PBXBuildFile; fileRef = B2EDD0AA2D5E95F20068F37A /* OnboardingLandingScreenView.swift */; };
		B2EEA05F2D509F4B00F8745A /* ChatAddNewGameView+GameNameTextFieldView.swift in Sources */ = {isa = PBXBuildFile; fileRef = B2EEA05E2D509F4B00F8745A /* ChatAddNewGameView+GameNameTextFieldView.swift */; };
		B2EEA0612D509F9F00F8745A /* ChatAddNewGameView+MediaTypePickerView.swift in Sources */ = {isa = PBXBuildFile; fileRef = B2EEA0602D509F9F00F8745A /* ChatAddNewGameView+MediaTypePickerView.swift */; };
		B2EEA0632D50A14200F8745A /* ChatAddNewGameView+PhotoPickerView.swift in Sources */ = {isa = PBXBuildFile; fileRef = B2EEA0622D50A14200F8745A /* ChatAddNewGameView+PhotoPickerView.swift */; };
		B2EEA0652D50B92300F8745A /* NavigationRoute.swift in Sources */ = {isa = PBXBuildFile; fileRef = B2EEA0642D50B92300F8745A /* NavigationRoute.swift */; };
		B2EEA0672D50DE5300F8745A /* SheetRoute.swift in Sources */ = {isa = PBXBuildFile; fileRef = B2EEA0662D50DE5300F8745A /* SheetRoute.swift */; };
/* End PBXBuildFile section */

/* Begin PBXFileReference section */
		B206F2AE2D57A1F100DAD789 /* TierType.swift */ = {isa = PBXFileReference; lastKnownFileType = sourcecode.swift; path = TierType.swift; sourceTree = "<group>"; };
		B206F2B02D57B0AA00DAD789 /* TabRoute.swift */ = {isa = PBXFileReference; lastKnownFileType = sourcecode.swift; path = TabRoute.swift; sourceTree = "<group>"; };
		B206F2B22D57C1A800DAD789 /* TabToolbarRoute.swift */ = {isa = PBXFileReference; lastKnownFileType = sourcecode.swift; path = TabToolbarRoute.swift; sourceTree = "<group>"; };
		B20819C42D5F7ED70051ED9E /* OnboardingSampleChatView.swift */ = {isa = PBXFileReference; lastKnownFileType = sourcecode.swift; path = OnboardingSampleChatView.swift; sourceTree = "<group>"; };
		B20819C62D5F7F4E0051ED9E /* OnboardingSampleChatViewModel.swift */ = {isa = PBXFileReference; lastKnownFileType = sourcecode.swift; path = OnboardingSampleChatViewModel.swift; sourceTree = "<group>"; };
		B20819C82D5F81250051ED9E /* SampleCompletionsRequest.swift */ = {isa = PBXFileReference; lastKnownFileType = sourcecode.swift; path = SampleCompletionsRequest.swift; sourceTree = "<group>"; };
		B20CD2682D6B9EB500850B89 /* encryption_aes_key */ = {isa = PBXFileReference; lastKnownFileType = text; path = encryption_aes_key; sourceTree = "<group>"; };
		B213E2942D305A990076AF5B /* StoreKitConfiguration.storekit */ = {isa = PBXFileReference; lastKnownFileType = text; name = StoreKitConfiguration.storekit; path = "Game-Master-AI/StoreKitConfiguration.storekit"; sourceTree = "<group>"; };
		B21B283A2D35457F00DA2FB4 /* D4.dae */ = {isa = PBXFileReference; fileEncoding = 4; lastKnownFileType = text.xml.dae; path = D4.dae; sourceTree = "<group>"; };
		B21B283B2D35457F00DA2FB4 /* D6.dae */ = {isa = PBXFileReference; fileEncoding = 4; lastKnownFileType = text.xml.dae; path = D6.dae; sourceTree = "<group>"; };
		B21B283C2D35457F00DA2FB4 /* D12.dae */ = {isa = PBXFileReference; fileEncoding = 4; lastKnownFileType = text.xml.dae; path = D12.dae; sourceTree = "<group>"; };
		B21B283D2D35457F00DA2FB4 /* D8.dae */ = {isa = PBXFileReference; fileEncoding = 4; lastKnownFileType = text.xml.dae; path = D8.dae; sourceTree = "<group>"; };
		B21B28452D358CE100DA2FB4 /* D20.dae */ = {isa = PBXFileReference; fileEncoding = 4; lastKnownFileType = text.xml.dae; path = D20.dae; sourceTree = "<group>"; };
		B223BE392D4AB5FC005CA9B3 /* encryption_public_key.pem */ = {isa = PBXFileReference; fileEncoding = 4; lastKnownFileType = text; path = encryption_public_key.pem; sourceTree = "<group>"; };
		B22D35F82D68AB5A007F65F2 /* BoardGameWhisperCompletionsRequest.swift */ = {isa = PBXFileReference; lastKnownFileType = sourcecode.swift; path = BoardGameWhisperCompletionsRequest.swift; sourceTree = "<group>"; };
		B22E9D552D4FB3BE00BA1C28 /* ChatAddNewGameView.swift */ = {isa = PBXFileReference; lastKnownFileType = sourcecode.swift; path = ChatAddNewGameView.swift; sourceTree = "<group>"; };
		B22E9D572D4FDE2F00BA1C28 /* Info.plist */ = {isa = PBXFileReference; lastKnownFileType = text.plist.xml; path = Info.plist; sourceTree = "<group>"; };
		B22E9D582D4FF2A000BA1C28 /* ChatAddNewGameViewModel.swift */ = {isa = PBXFileReference; lastKnownFileType = sourcecode.swift; path = ChatAddNewGameViewModel.swift; sourceTree = "<group>"; };
		B22FCE222D6342C000241F25 /* PaywallViewModel.swift */ = {isa = PBXFileReference; lastKnownFileType = sourcecode.swift; path = PaywallViewModel.swift; sourceTree = "<group>"; };
		B234D3842D551C5D0041ED4C /* ChatAddNewGameView+PDFFilePickerView.swift */ = {isa = PBXFileReference; lastKnownFileType = sourcecode.swift; path = "ChatAddNewGameView+PDFFilePickerView.swift"; sourceTree = "<group>"; };
		B234D3872D553E4A0041ED4C /* ProcessInstructionAPIService.swift */ = {isa = PBXFileReference; lastKnownFileType = sourcecode.swift; path = ProcessInstructionAPIService.swift; sourceTree = "<group>"; };
		B234D3892D553E710041ED4C /* ProcessInstructionRequest.swift */ = {isa = PBXFileReference; lastKnownFileType = sourcecode.swift; path = ProcessInstructionRequest.swift; sourceTree = "<group>"; };
		B2390B1C2D33DB5500310046 /* privacy_policy.txt */ = {isa = PBXFileReference; fileEncoding = 4; lastKnownFileType = text; path = privacy_policy.txt; sourceTree = "<group>"; };
		B2390B1D2D33DB5500310046 /* terms_and_conditions.txt */ = {isa = PBXFileReference; fileEncoding = 4; lastKnownFileType = text; path = terms_and_conditions.txt; sourceTree = "<group>"; };
		B2390B202D34051D00310046 /* SceneKitView.swift */ = {isa = PBXFileReference; lastKnownFileType = sourcecode.swift; path = SceneKitView.swift; sourceTree = "<group>"; };
		B2390B232D3405D600310046 /* DiceType.swift */ = {isa = PBXFileReference; lastKnownFileType = sourcecode.swift; path = DiceType.swift; sourceTree = "<group>"; };
		B2390B282D3428C300310046 /* ArrayExtensions.swift */ = {isa = PBXFileReference; lastKnownFileType = sourcecode.swift; path = ArrayExtensions.swift; sourceTree = "<group>"; };
		B24808772D329A78002F0017 /* ChatViewModel.swift */ = {isa = PBXFileReference; lastKnownFileType = sourcecode.swift; path = ChatViewModel.swift; sourceTree = "<group>"; };
		B2550A062D42910400906DFF /* GamesView.swift */ = {isa = PBXFileReference; lastKnownFileType = sourcecode.swift; path = GamesView.swift; sourceTree = "<group>"; };
		B2550A0E2D42A94100906DFF /* ChatListView.swift */ = {isa = PBXFileReference; lastKnownFileType = sourcecode.swift; path = ChatListView.swift; sourceTree = "<group>"; };
		B2550A102D42AB7C00906DFF /* ChatTabCustomGamesViewModel.swift */ = {isa = PBXFileReference; lastKnownFileType = sourcecode.swift; path = ChatTabCustomGamesViewModel.swift; sourceTree = "<group>"; };
		B2550A152D42AC4600906DFF /* GameModel.swift */ = {isa = PBXFileReference; lastKnownFileType = sourcecode.swift; path = GameModel.swift; sourceTree = "<group>"; };
		B2600AEE2D33305A0096E553 /* DicesView.swift */ = {isa = PBXFileReference; lastKnownFileType = sourcecode.swift; path = DicesView.swift; sourceTree = "<group>"; };
		B265ACB72D674B6800B4EAF3 /* CountersView.swift */ = {isa = PBXFileReference; lastKnownFileType = sourcecode.swift; path = CountersView.swift; sourceTree = "<group>"; };
		B265ACB92D674C2200B4EAF3 /* CounterViewToolbar.swift */ = {isa = PBXFileReference; lastKnownFileType = sourcecode.swift; path = CounterViewToolbar.swift; sourceTree = "<group>"; };
		B265ACBD2D674DE400B4EAF3 /* CountersViewModel.swift */ = {isa = PBXFileReference; lastKnownFileType = sourcecode.swift; path = CountersViewModel.swift; sourceTree = "<group>"; };
		B265ACBF2D67855E00B4EAF3 /* ColorExtensions.swift */ = {isa = PBXFileReference; lastKnownFileType = sourcecode.swift; path = ColorExtensions.swift; sourceTree = "<group>"; };
		B265ACC22D679DF200B4EAF3 /* TimersView.swift */ = {isa = PBXFileReference; lastKnownFileType = sourcecode.swift; path = TimersView.swift; sourceTree = "<group>"; };
		B265ACC52D679E1900B4EAF3 /* TimersViewModel.swift */ = {isa = PBXFileReference; lastKnownFileType = sourcecode.swift; path = TimersViewModel.swift; sourceTree = "<group>"; };
		B265ACC72D67A0E600B4EAF3 /* TimersViewToolbar.swift */ = {isa = PBXFileReference; lastKnownFileType = sourcecode.swift; path = TimersViewToolbar.swift; sourceTree = "<group>"; };
		B2703E072D6F220300B32EFC /* ChatRefillDialogSheetView.swift */ = {isa = PBXFileReference; lastKnownFileType = sourcecode.swift; path = ChatRefillDialogSheetView.swift; sourceTree = "<group>"; };
		B27C4EFC2D43BAA900FE5B08 /* ChatView.swift */ = {isa = PBXFileReference; lastKnownFileType = sourcecode.swift; path = ChatView.swift; sourceTree = "<group>"; };
		B27F119D2D64C1DB000E38C6 /* GoogleService-Info.plist */ = {isa = PBXFileReference; lastKnownFileType = text.plist.xml; path = "GoogleService-Info.plist"; sourceTree = "<group>"; };
		B27F46182D60A12C00D1566C /* OnboardingChatSampleScreenView.swift */ = {isa = PBXFileReference; lastKnownFileType = sourcecode.swift; path = OnboardingChatSampleScreenView.swift; sourceTree = "<group>"; };
		B287A4442D71D00800602E8A /* CountersView+CounterViewListCell.swift */ = {isa = PBXFileReference; lastKnownFileType = sourcecode.swift; path = "CountersView+CounterViewListCell.swift"; sourceTree = "<group>"; };
		B287A4462D71D03800602E8A /* CountersView+AddNewCounterView.swift */ = {isa = PBXFileReference; lastKnownFileType = sourcecode.swift; path = "CountersView+AddNewCounterView.swift"; sourceTree = "<group>"; };
		B287A4482D71D07100602E8A /* TimersView+TimerViewListCell.swift */ = {isa = PBXFileReference; lastKnownFileType = sourcecode.swift; path = "TimersView+TimerViewListCell.swift"; sourceTree = "<group>"; };
		B287A44A2D71D09000602E8A /* TimersView+TimerPickerView.swift */ = {isa = PBXFileReference; lastKnownFileType = sourcecode.swift; path = "TimersView+TimerPickerView.swift"; sourceTree = "<group>"; };
		B287A44C2D7325FD00602E8A /* PrivacyInfo.xcprivacy */ = {isa = PBXFileReference; lastKnownFileType = text.xml; path = PrivacyInfo.xcprivacy; sourceTree = "<group>"; };
		B29A05962D5381CD000058C6 /* ChatAddNewGame+LoadingView.swift */ = {isa = PBXFileReference; lastKnownFileType = sourcecode.swift; path = "ChatAddNewGame+LoadingView.swift"; sourceTree = "<group>"; };
		B29A05992D539B0A000058C6 /* ChatAddNewGameView.LoadingView+MemoryView.swift */ = {isa = PBXFileReference; lastKnownFileType = sourcecode.swift; path = "ChatAddNewGameView.LoadingView+MemoryView.swift"; sourceTree = "<group>"; };
		B29A059D2D53A408000058C6 /* ChatAddNewGameView+CameraPickerView.swift */ = {isa = PBXFileReference; lastKnownFileType = sourcecode.swift; path = "ChatAddNewGameView+CameraPickerView.swift"; sourceTree = "<group>"; };
		B2A3744F2D4E37100065F8F6 /* BoardGameCompletionsRequest.swift */ = {isa = PBXFileReference; fileEncoding = 4; lastKnownFileType = sourcecode.swift; path = BoardGameCompletionsRequest.swift; sourceTree = "<group>"; };
		B2CF13F02D39290200B8F55B /* Config-Debug.plist */ = {isa = PBXFileReference; fileEncoding = 4; lastKnownFileType = text.plist.xml; name = "Config-Debug.plist"; path = "Game-Master-AI/Config-Debug.plist"; sourceTree = "<group>"; };
		B2CF13F22D3977BA00B8F55B /* Config-Release.plist */ = {isa = PBXFileReference; fileEncoding = 4; lastKnownFileType = text.plist.xml; name = "Config-Release.plist"; path = "Game-Master-AI/Config-Release.plist"; sourceTree = "<group>"; };
		B2E14ABF2D2EAF1D00CA7D5A /* Game-Master-AI.app */ = {isa = PBXFileReference; explicitFileType = wrapper.application; includeInIndex = 0; path = "Game-Master-AI.app"; sourceTree = BUILT_PRODUCTS_DIR; };
		B2E14AC22D2EAF1D00CA7D5A /* Game_Master_AIApp.swift */ = {isa = PBXFileReference; lastKnownFileType = sourcecode.swift; path = Game_Master_AIApp.swift; sourceTree = "<group>"; };
		B2E14AC62D2EAF1E00CA7D5A /* Assets.xcassets */ = {isa = PBXFileReference; lastKnownFileType = folder.assetcatalog; path = Assets.xcassets; sourceTree = "<group>"; };
		B2E14AC92D2EAF1E00CA7D5A /* Preview Assets.xcassets */ = {isa = PBXFileReference; lastKnownFileType = folder.assetcatalog; path = "Preview Assets.xcassets"; sourceTree = "<group>"; };
		B2E64F0D2D59683500EDF1CF /* ChatViewFailureToolbar.swift */ = {isa = PBXFileReference; lastKnownFileType = sourcecode.swift; path = ChatViewFailureToolbar.swift; sourceTree = "<group>"; };
		B2E64F0F2D59684C00EDF1CF /* DiceTabToolbar.swift */ = {isa = PBXFileReference; lastKnownFileType = sourcecode.swift; path = DiceTabToolbar.swift; sourceTree = "<group>"; };
		B2E64F112D59687C00EDF1CF /* ChatListViewToolbar.swift */ = {isa = PBXFileReference; lastKnownFileType = sourcecode.swift; path = ChatListViewToolbar.swift; sourceTree = "<group>"; };
		B2EDD0992D5E08F30068F37A /* OnboardingView.swift */ = {isa = PBXFileReference; lastKnownFileType = sourcecode.swift; path = OnboardingView.swift; sourceTree = "<group>"; };
		B2EDD09B2D5E09410068F37A /* PaywallView.swift */ = {isa = PBXFileReference; lastKnownFileType = sourcecode.swift; path = PaywallView.swift; sourceTree = "<group>"; };
		B2EDD09D2D5E17860068F37A /* OnboardingViewModel.swift */ = {isa = PBXFileReference; lastKnownFileType = sourcecode.swift; path = OnboardingViewModel.swift; sourceTree = "<group>"; };
		B2EDD0A22D5E95B80068F37A /* OnboardingFirstScreenView.swift */ = {isa = PBXFileReference; lastKnownFileType = sourcecode.swift; path = OnboardingFirstScreenView.swift; sourceTree = "<group>"; };
		B2EDD0A42D5E95CA0068F37A /* OnboardingSecondScreenView.swift */ = {isa = PBXFileReference; lastKnownFileType = sourcecode.swift; path = OnboardingSecondScreenView.swift; sourceTree = "<group>"; };
		B2EDD0A62D5E95D30068F37A /* OnboardingThirdScreenView.swift */ = {isa = PBXFileReference; lastKnownFileType = sourcecode.swift; path = OnboardingThirdScreenView.swift; sourceTree = "<group>"; };
		B2EDD0A82D5E95E10068F37A /* OnboardingForthScreenView.swift */ = {isa = PBXFileReference; lastKnownFileType = sourcecode.swift; path = OnboardingForthScreenView.swift; sourceTree = "<group>"; };
		B2EDD0AA2D5E95F20068F37A /* OnboardingLandingScreenView.swift */ = {isa = PBXFileReference; lastKnownFileType = sourcecode.swift; path = OnboardingLandingScreenView.swift; sourceTree = "<group>"; };
		B2EEA05E2D509F4B00F8745A /* ChatAddNewGameView+GameNameTextFieldView.swift */ = {isa = PBXFileReference; lastKnownFileType = sourcecode.swift; path = "ChatAddNewGameView+GameNameTextFieldView.swift"; sourceTree = "<group>"; };
		B2EEA0602D509F9F00F8745A /* ChatAddNewGameView+MediaTypePickerView.swift */ = {isa = PBXFileReference; lastKnownFileType = sourcecode.swift; path = "ChatAddNewGameView+MediaTypePickerView.swift"; sourceTree = "<group>"; };
		B2EEA0622D50A14200F8745A /* ChatAddNewGameView+PhotoPickerView.swift */ = {isa = PBXFileReference; lastKnownFileType = sourcecode.swift; path = "ChatAddNewGameView+PhotoPickerView.swift"; sourceTree = "<group>"; };
		B2EEA0642D50B92300F8745A /* NavigationRoute.swift */ = {isa = PBXFileReference; lastKnownFileType = sourcecode.swift; path = NavigationRoute.swift; sourceTree = "<group>"; };
		B2EEA0662D50DE5300F8745A /* SheetRoute.swift */ = {isa = PBXFileReference; lastKnownFileType = sourcecode.swift; path = SheetRoute.swift; sourceTree = "<group>"; };
/* End PBXFileReference section */

/* Begin PBXFrameworksBuildPhase section */
		B2E14ABC2D2EAF1D00CA7D5A /* Frameworks */ = {
			isa = PBXFrameworksBuildPhase;
			buildActionMask = 2147483647;
			files = (
				B2DF20222D2EB78600301845 /* Essentials in Frameworks */,
			);
			runOnlyForDeploymentPostprocessing = 0;
		};
/* End PBXFrameworksBuildPhase section */

/* Begin PBXGroup section */
		B21B28242D351E8300DA2FB4 /* Dices */ = {
			isa = PBXGroup;
			children = (
				B21B28452D358CE100DA2FB4 /* D20.dae */,
				B21B283A2D35457F00DA2FB4 /* D4.dae */,
				B21B283B2D35457F00DA2FB4 /* D6.dae */,
				B21B283D2D35457F00DA2FB4 /* D8.dae */,
				B21B283C2D35457F00DA2FB4 /* D12.dae */,
			);
			path = Dices;
			sourceTree = "<group>";
		};
		B22B0E5D2D3829F9004EAAD1 /* Keys */ = {
			isa = PBXGroup;
			children = (
				B223BE392D4AB5FC005CA9B3 /* encryption_public_key.pem */,
				B20CD2682D6B9EB500850B89 /* encryption_aes_key */,
			);
			path = Keys;
			sourceTree = "<group>";
		};
		B22B0E5E2D382A09004EAAD1 /* Texts */ = {
			isa = PBXGroup;
			children = (
				B2390B1C2D33DB5500310046 /* privacy_policy.txt */,
				B2390B1D2D33DB5500310046 /* terms_and_conditions.txt */,
			);
			path = Texts;
			sourceTree = "<group>";
		};
		B234D3862D553E330041ED4C /* API Services */ = {
			isa = PBXGroup;
			children = (
				B234D3872D553E4A0041ED4C /* ProcessInstructionAPIService.swift */,
			);
			path = "API Services";
			sourceTree = "<group>";
		};
		B2390B222D3405CB00310046 /* Enums */ = {
			isa = PBXGroup;
			children = (
				B2390B232D3405D600310046 /* DiceType.swift */,
				B206F2AE2D57A1F100DAD789 /* TierType.swift */,
			);
			path = Enums;
			sourceTree = "<group>";
		};
		B2390B252D34288200310046 /* Extensions */ = {
			isa = PBXGroup;
			children = (
				B265ACBF2D67855E00B4EAF3 /* ColorExtensions.swift */,
				B2390B282D3428C300310046 /* ArrayExtensions.swift */,
			);
			path = Extensions;
			sourceTree = "<group>";
		};
		B248086B2D32844B002F0017 /* Resources */ = {
			isa = PBXGroup;
			children = (
				B22B0E5E2D382A09004EAAD1 /* Texts */,
				B22B0E5D2D3829F9004EAAD1 /* Keys */,
				B21B28242D351E8300DA2FB4 /* Dices */,
			);
			path = Resources;
			sourceTree = "<group>";
		};
		B248086E2D328A78002F0017 /* Models */ = {
			isa = PBXGroup;
			children = (
				B2A374512D4E38380065F8F6 /* Requests */,
				B2550A152D42AC4600906DFF /* GameModel.swift */,
			);
			path = Models;
			sourceTree = "<group>";
		};
		B24808742D3299D9002F0017 /* View Models */ = {
			isa = PBXGroup;
			children = (
				B22FCE222D6342C000241F25 /* PaywallViewModel.swift */,
				B24808772D329A78002F0017 /* ChatViewModel.swift */,
				B2550A102D42AB7C00906DFF /* ChatTabCustomGamesViewModel.swift */,
				B22E9D582D4FF2A000BA1C28 /* ChatAddNewGameViewModel.swift */,
				B2EDD09D2D5E17860068F37A /* OnboardingViewModel.swift */,
				B20819C62D5F7F4E0051ED9E /* OnboardingSampleChatViewModel.swift */,
			);
			path = "View Models";
			sourceTree = "<group>";
		};
		B2550A042D4290E900906DFF /* Chat Views */ = {
			isa = PBXGroup;
			children = (
				B2550A062D42910400906DFF /* GamesView.swift */,
				B2550A0D2D42A93100906DFF /* ChatView */,
				B2550A052D4290EF00906DFF /* Chat List View */,
			);
			path = "Chat Views";
			sourceTree = "<group>";
		};
		B2550A052D4290EF00906DFF /* Chat List View */ = {
			isa = PBXGroup;
			children = (
				B2550A0E2D42A94100906DFF /* ChatListView.swift */,
				B2EEA05D2D509EEF00F8745A /* ChatAddNewGameView */,
			);
			path = "Chat List View";
			sourceTree = "<group>";
		};
		B2550A0D2D42A93100906DFF /* ChatView */ = {
			isa = PBXGroup;
			children = (
				B2703E062D6F21DB00B32EFC /* Chat Refill Dialog Sheet View */,
				B27C4EFC2D43BAA900FE5B08 /* ChatView.swift */,
			);
			path = ChatView;
			sourceTree = "<group>";
		};
		B2600AE82D332F1B0096E553 /* Views */ = {
			isa = PBXGroup;
			children = (
				B265ACC12D679DDB00B4EAF3 /* Timers Views */,
				B265ACB62D674B5400B4EAF3 /* Counter Views */,
				B2EDD0982D5DF3C10068F37A /* Onboarding Views */,
				B2550A042D4290E900906DFF /* Chat Views */,
				B2600AED2D3330450096E553 /* Dices Views */,
			);
			path = Views;
			sourceTree = "<group>";
		};
		B2600AED2D3330450096E553 /* Dices Views */ = {
			isa = PBXGroup;
			children = (
				B2600AEE2D33305A0096E553 /* DicesView.swift */,
				B2390B202D34051D00310046 /* SceneKitView.swift */,
			);
			path = "Dices Views";
			sourceTree = "<group>";
		};
		B265ACB62D674B5400B4EAF3 /* Counter Views */ = {
			isa = PBXGroup;
			children = (
				B287A4462D71D03800602E8A /* CountersView+AddNewCounterView.swift */,
				B287A4442D71D00800602E8A /* CountersView+CounterViewListCell.swift */,
				B265ACB72D674B6800B4EAF3 /* CountersView.swift */,
				B265ACBC2D674DD200B4EAF3 /* View Models */,
			);
			path = "Counter Views";
			sourceTree = "<group>";
		};
		B265ACBC2D674DD200B4EAF3 /* View Models */ = {
			isa = PBXGroup;
			children = (
				B265ACBD2D674DE400B4EAF3 /* CountersViewModel.swift */,
			);
			path = "View Models";
			sourceTree = "<group>";
		};
		B265ACC12D679DDB00B4EAF3 /* Timers Views */ = {
			isa = PBXGroup;
			children = (
				B287A44A2D71D09000602E8A /* TimersView+TimerPickerView.swift */,
				B287A4482D71D07100602E8A /* TimersView+TimerViewListCell.swift */,
				B265ACC42D679E1500B4EAF3 /* View Models */,
				B265ACC22D679DF200B4EAF3 /* TimersView.swift */,
			);
			path = "Timers Views";
			sourceTree = "<group>";
		};
		B265ACC42D679E1500B4EAF3 /* View Models */ = {
			isa = PBXGroup;
			children = (
				B265ACC52D679E1900B4EAF3 /* TimersViewModel.swift */,
			);
			path = "View Models";
			sourceTree = "<group>";
		};
		B2703E062D6F21DB00B32EFC /* Chat Refill Dialog Sheet View */ = {
			isa = PBXGroup;
			children = (
				B2703E072D6F220300B32EFC /* ChatRefillDialogSheetView.swift */,
			);
			path = "Chat Refill Dialog Sheet View";
			sourceTree = "<group>";
		};
		B29A05982D539AD8000058C6 /* LoadingView */ = {
			isa = PBXGroup;
			children = (
				B29A05962D5381CD000058C6 /* ChatAddNewGame+LoadingView.swift */,
				B29A05992D539B0A000058C6 /* ChatAddNewGameView.LoadingView+MemoryView.swift */,
			);
			path = LoadingView;
			sourceTree = "<group>";
		};
		B2A374512D4E38380065F8F6 /* Requests */ = {
			isa = PBXGroup;
			children = (
				B22D35F82D68AB5A007F65F2 /* BoardGameWhisperCompletionsRequest.swift */,
				B2A3744F2D4E37100065F8F6 /* BoardGameCompletionsRequest.swift */,
				B234D3892D553E710041ED4C /* ProcessInstructionRequest.swift */,
				B20819C82D5F81250051ED9E /* SampleCompletionsRequest.swift */,
			);
			path = Requests;
			sourceTree = "<group>";
		};
		B2DF20202D2EB78100301845 /* Frameworks */ = {
			isa = PBXGroup;
			children = (
			);
			name = Frameworks;
			sourceTree = "<group>";
		};
		B2E14AB62D2EAF1D00CA7D5A = {
			isa = PBXGroup;
			children = (
				B2CF13F02D39290200B8F55B /* Config-Debug.plist */,
				B2CF13F22D3977BA00B8F55B /* Config-Release.plist */,
				B213E2942D305A990076AF5B /* StoreKitConfiguration.storekit */,
				B2E14AC12D2EAF1D00CA7D5A /* Game-Master-AI */,
				B2E14AC02D2EAF1D00CA7D5A /* Products */,
				B2DF20202D2EB78100301845 /* Frameworks */,
			);
			sourceTree = "<group>";
		};
		B2E14AC02D2EAF1D00CA7D5A /* Products */ = {
			isa = PBXGroup;
			children = (
				B2E14ABF2D2EAF1D00CA7D5A /* Game-Master-AI.app */,
			);
			name = Products;
			sourceTree = "<group>";
		};
		B2E14AC12D2EAF1D00CA7D5A /* Game-Master-AI */ = {
			isa = PBXGroup;
			children = (
				B287A44C2D7325FD00602E8A /* PrivacyInfo.xcprivacy */,
				B22E9D572D4FDE2F00BA1C28 /* Info.plist */,
				B27F119D2D64C1DB000E38C6 /* GoogleService-Info.plist */,
				B2EDD0932D5DF34D0068F37A /* Routes */,
				B234D3862D553E330041ED4C /* API Services */,
				B2390B252D34288200310046 /* Extensions */,
				B2390B222D3405CB00310046 /* Enums */,
				B2E64F0A2D595CAF00EDF1CF /* Toolbars */,
				B2600AE82D332F1B0096E553 /* Views */,
				B24808742D3299D9002F0017 /* View Models */,
				B248086E2D328A78002F0017 /* Models */,
				B248086B2D32844B002F0017 /* Resources */,
				B2E14AC22D2EAF1D00CA7D5A /* Game_Master_AIApp.swift */,
				B2E14AC62D2EAF1E00CA7D5A /* Assets.xcassets */,
				B2E14AC82D2EAF1E00CA7D5A /* Preview Content */,
			);
			path = "Game-Master-AI";
			sourceTree = "<group>";
		};
		B2E14AC82D2EAF1E00CA7D5A /* Preview Content */ = {
			isa = PBXGroup;
			children = (
				B2E14AC92D2EAF1E00CA7D5A /* Preview Assets.xcassets */,
			);
			path = "Preview Content";
			sourceTree = "<group>";
		};
		B2E64F0A2D595CAF00EDF1CF /* Toolbars */ = {
			isa = PBXGroup;
			children = (
				B265ACC72D67A0E600B4EAF3 /* TimersViewToolbar.swift */,
				B265ACB92D674C2200B4EAF3 /* CounterViewToolbar.swift */,
				B2E64F0D2D59683500EDF1CF /* ChatViewFailureToolbar.swift */,
				B2E64F0F2D59684C00EDF1CF /* DiceTabToolbar.swift */,
				B2E64F112D59687C00EDF1CF /* ChatListViewToolbar.swift */,
			);
			path = Toolbars;
			sourceTree = "<group>";
		};
		B2EDD0932D5DF34D0068F37A /* Routes */ = {
			isa = PBXGroup;
			children = (
				B2EEA0642D50B92300F8745A /* NavigationRoute.swift */,
				B2EEA0662D50DE5300F8745A /* SheetRoute.swift */,
				B206F2B02D57B0AA00DAD789 /* TabRoute.swift */,
				B206F2B22D57C1A800DAD789 /* TabToolbarRoute.swift */,
			);
			path = Routes;
			sourceTree = "<group>";
		};
		B2EDD0982D5DF3C10068F37A /* Onboarding Views */ = {
			isa = PBXGroup;
			children = (
				B2EDD0992D5E08F30068F37A /* OnboardingView.swift */,
				B2EDD09B2D5E09410068F37A /* PaywallView.swift */,
				B2EDD0A22D5E95B80068F37A /* OnboardingFirstScreenView.swift */,
				B2EDD0A42D5E95CA0068F37A /* OnboardingSecondScreenView.swift */,
				B2EDD0A62D5E95D30068F37A /* OnboardingThirdScreenView.swift */,
				B2EDD0A82D5E95E10068F37A /* OnboardingForthScreenView.swift */,
				B2EDD0AA2D5E95F20068F37A /* OnboardingLandingScreenView.swift */,
				B20819C42D5F7ED70051ED9E /* OnboardingSampleChatView.swift */,
				B27F46182D60A12C00D1566C /* OnboardingChatSampleScreenView.swift */,
			);
			path = "Onboarding Views";
			sourceTree = "<group>";
		};
		B2EEA05D2D509EEF00F8745A /* ChatAddNewGameView */ = {
			isa = PBXGroup;
			children = (
				B29A05982D539AD8000058C6 /* LoadingView */,
				B22E9D552D4FB3BE00BA1C28 /* ChatAddNewGameView.swift */,
				B2EEA05E2D509F4B00F8745A /* ChatAddNewGameView+GameNameTextFieldView.swift */,
				B2EEA0602D509F9F00F8745A /* ChatAddNewGameView+MediaTypePickerView.swift */,
				B2EEA0622D50A14200F8745A /* ChatAddNewGameView+PhotoPickerView.swift */,
				B29A059D2D53A408000058C6 /* ChatAddNewGameView+CameraPickerView.swift */,
				B234D3842D551C5D0041ED4C /* ChatAddNewGameView+PDFFilePickerView.swift */,
			);
			path = ChatAddNewGameView;
			sourceTree = "<group>";
		};
/* End PBXGroup section */

/* Begin PBXNativeTarget section */
		B2E14ABE2D2EAF1D00CA7D5A /* Game-Master-AI */ = {
			isa = PBXNativeTarget;
			buildConfigurationList = B2E14ACD2D2EAF1E00CA7D5A /* Build configuration list for PBXNativeTarget "Game-Master-AI" */;
			buildPhases = (
				B2E14ABB2D2EAF1D00CA7D5A /* Sources */,
				B2E14ABC2D2EAF1D00CA7D5A /* Frameworks */,
				B2E14ABD2D2EAF1D00CA7D5A /* Resources */,
			);
			buildRules = (
			);
			dependencies = (
			);
			name = "Game-Master-AI";
			packageProductDependencies = (
				B2DF20212D2EB78600301845 /* Essentials */,
			);
			productName = "Game-Master-AI";
			productReference = B2E14ABF2D2EAF1D00CA7D5A /* Game-Master-AI.app */;
			productType = "com.apple.product-type.application";
		};
/* End PBXNativeTarget section */

/* Begin PBXProject section */
		B2E14AB72D2EAF1D00CA7D5A /* Project object */ = {
			isa = PBXProject;
			attributes = {
				BuildIndependentTargetsInParallel = 1;
				LastSwiftUpdateCheck = 1510;
				LastUpgradeCheck = 1510;
				TargetAttributes = {
					B2E14ABE2D2EAF1D00CA7D5A = {
						CreatedOnToolsVersion = 15.1;
					};
				};
			};
			buildConfigurationList = B2E14ABA2D2EAF1D00CA7D5A /* Build configuration list for PBXProject "Game-Master-AI" */;
			compatibilityVersion = "Xcode 14.0";
			developmentRegion = en;
			hasScannedForEncodings = 0;
			knownRegions = (
				en,
				Base,
			);
			mainGroup = B2E14AB62D2EAF1D00CA7D5A;
			packageReferences = (
				B2E14AD02D2EAF3600CA7D5A /* XCLocalSwiftPackageReference "../Essentials" */,
			);
			productRefGroup = B2E14AC02D2EAF1D00CA7D5A /* Products */;
			projectDirPath = "";
			projectRoot = "";
			targets = (
				B2E14ABE2D2EAF1D00CA7D5A /* Game-Master-AI */,
			);
		};
/* End PBXProject section */

/* Begin PBXResourcesBuildPhase section */
		B2E14ABD2D2EAF1D00CA7D5A /* Resources */ = {
			isa = PBXResourcesBuildPhase;
			buildActionMask = 2147483647;
			files = (
				B27F119E2D64C1DB000E38C6 /* GoogleService-Info.plist in Resources */,
				B20CD2692D6B9EB500850B89 /* encryption_aes_key in Resources */,
				B2E14ACA2D2EAF1E00CA7D5A /* Preview Assets.xcassets in Resources */,
				B287A44D2D7325FD00602E8A /* PrivacyInfo.xcprivacy in Resources */,
				B2390B1E2D33DB5500310046 /* privacy_policy.txt in Resources */,
				B223BE3A2D4AB5FC005CA9B3 /* encryption_public_key.pem in Resources */,
				B21B28412D35457F00DA2FB4 /* D12.dae in Resources */,
				B21B28462D358CE100DA2FB4 /* D20.dae in Resources */,
				B2390B1F2D33DB5500310046 /* terms_and_conditions.txt in Resources */,
				B21B283F2D35457F00DA2FB4 /* D4.dae in Resources */,
				B21B28422D35457F00DA2FB4 /* D8.dae in Resources */,
				B21B28402D35457F00DA2FB4 /* D6.dae in Resources */,
				B2CF13F32D3977BA00B8F55B /* Config-Release.plist in Resources */,
				B2E14AC72D2EAF1E00CA7D5A /* Assets.xcassets in Resources */,
				B2CF13F12D39290200B8F55B /* Config-Debug.plist in Resources */,
			);
			runOnlyForDeploymentPostprocessing = 0;
		};
/* End PBXResourcesBuildPhase section */

/* Begin PBXSourcesBuildPhase section */
		B2E14ABB2D2EAF1D00CA7D5A /* Sources */ = {
			isa = PBXSourcesBuildPhase;
			buildActionMask = 2147483647;
			files = (
				B22E9D562D4FB3BF00BA1C28 /* ChatAddNewGameView.swift in Sources */,
				B2390B292D3428C300310046 /* ArrayExtensions.swift in Sources */,
				B2600AEF2D33305A0096E553 /* DicesView.swift in Sources */,
				B287A44B2D71D09000602E8A /* TimersView+TimerPickerView.swift in Sources */,
				B206F2B32D57C1A800DAD789 /* TabToolbarRoute.swift in Sources */,
				B2EEA0672D50DE5300F8745A /* SheetRoute.swift in Sources */,
				B265ACC62D679E1900B4EAF3 /* TimersViewModel.swift in Sources */,
				B27C4EFD2D43BAA900FE5B08 /* ChatView.swift in Sources */,
				B22E9D592D4FF2A000BA1C28 /* ChatAddNewGameViewModel.swift in Sources */,
				B29A059E2D53A408000058C6 /* ChatAddNewGameView+CameraPickerView.swift in Sources */,
				B20819C72D5F7F4E0051ED9E /* OnboardingSampleChatViewModel.swift in Sources */,
				B2EDD0A32D5E95B80068F37A /* OnboardingFirstScreenView.swift in Sources */,
				B20819C52D5F7ED70051ED9E /* OnboardingSampleChatView.swift in Sources */,
				B2EEA05F2D509F4B00F8745A /* ChatAddNewGameView+GameNameTextFieldView.swift in Sources */,
				B2EDD0AB2D5E95F20068F37A /* OnboardingLandingScreenView.swift in Sources */,
				B265ACBA2D674C2200B4EAF3 /* CounterViewToolbar.swift in Sources */,
				B27F46192D60A12C00D1566C /* OnboardingChatSampleScreenView.swift in Sources */,
				B2EDD09E2D5E17860068F37A /* OnboardingViewModel.swift in Sources */,
				B2EDD0A92D5E95E10068F37A /* OnboardingForthScreenView.swift in Sources */,
				B287A4492D71D07100602E8A /* TimersView+TimerViewListCell.swift in Sources */,
				B2550A162D42AC4600906DFF /* GameModel.swift in Sources */,
				B206F2AF2D57A1F100DAD789 /* TierType.swift in Sources */,
				B265ACC32D679DF200B4EAF3 /* TimersView.swift in Sources */,
				B2550A112D42AB7C00906DFF /* ChatTabCustomGamesViewModel.swift in Sources */,
				B24808782D329A78002F0017 /* ChatViewModel.swift in Sources */,
				B265ACBE2D674DE400B4EAF3 /* CountersViewModel.swift in Sources */,
				B2EDD0A72D5E95D30068F37A /* OnboardingThirdScreenView.swift in Sources */,
				B2EDD09A2D5E08F30068F37A /* OnboardingView.swift in Sources */,
				B2A374502D4E37100065F8F6 /* BoardGameCompletionsRequest.swift in Sources */,
				B2E64F102D59684C00EDF1CF /* DiceTabToolbar.swift in Sources */,
				B2EDD09C2D5E09410068F37A /* PaywallView.swift in Sources */,
				B2550A072D42910400906DFF /* GamesView.swift in Sources */,
				B2EEA0612D509F9F00F8745A /* ChatAddNewGameView+MediaTypePickerView.swift in Sources */,
				B2703E082D6F220B00B32EFC /* ChatRefillDialogSheetView.swift in Sources */,
				B22FCE232D6342C000241F25 /* PaywallViewModel.swift in Sources */,
				B2550A0F2D42A94100906DFF /* ChatListView.swift in Sources */,
				B2390B242D3405D600310046 /* DiceType.swift in Sources */,
				B2390B212D34051D00310046 /* SceneKitView.swift in Sources */,
				B20819C92D5F81250051ED9E /* SampleCompletionsRequest.swift in Sources */,
				B2E14AC32D2EAF1D00CA7D5A /* Game_Master_AIApp.swift in Sources */,
				B29A059A2D539B0A000058C6 /* ChatAddNewGameView.LoadingView+MemoryView.swift in Sources */,
				B2EDD0A52D5E95CA0068F37A /* OnboardingSecondScreenView.swift in Sources */,
				B234D3852D551C5D0041ED4C /* ChatAddNewGameView+PDFFilePickerView.swift in Sources */,
				B22D35F92D68AB5A007F65F2 /* BoardGameWhisperCompletionsRequest.swift in Sources */,
				B206F2B12D57B0AA00DAD789 /* TabRoute.swift in Sources */,
				B2EEA0652D50B92300F8745A /* NavigationRoute.swift in Sources */,
				B234D3882D553E4A0041ED4C /* ProcessInstructionAPIService.swift in Sources */,
				B234D38A2D553E710041ED4C /* ProcessInstructionRequest.swift in Sources */,
				B29A05972D5381CD000058C6 /* ChatAddNewGame+LoadingView.swift in Sources */,
				B2EEA0632D50A14200F8745A /* ChatAddNewGameView+PhotoPickerView.swift in Sources */,
				B287A4472D71D03800602E8A /* CountersView+AddNewCounterView.swift in Sources */,
				B2E64F122D59687C00EDF1CF /* ChatListViewToolbar.swift in Sources */,
				B2E64F0E2D59683500EDF1CF /* ChatViewFailureToolbar.swift in Sources */,
				B265ACB82D674B6800B4EAF3 /* CountersView.swift in Sources */,
				B287A4452D71D00800602E8A /* CountersView+CounterViewListCell.swift in Sources */,
				B265ACC02D67856200B4EAF3 /* ColorExtensions.swift in Sources */,
				B265ACC82D67A0E600B4EAF3 /* TimersViewToolbar.swift in Sources */,
			);
			runOnlyForDeploymentPostprocessing = 0;
		};
/* End PBXSourcesBuildPhase section */

/* Begin XCBuildConfiguration section */
		B2E14ACB2D2EAF1E00CA7D5A /* Debug */ = {
			isa = XCBuildConfiguration;
			buildSettings = {
				ALWAYS_SEARCH_USER_PATHS = NO;
				ASSETCATALOG_COMPILER_GENERATE_SWIFT_ASSET_SYMBOL_EXTENSIONS = YES;
				CLANG_ANALYZER_NONNULL = YES;
				CLANG_ANALYZER_NUMBER_OBJECT_CONVERSION = YES_AGGRESSIVE;
				CLANG_CXX_LANGUAGE_STANDARD = "gnu++20";
				CLANG_ENABLE_MODULES = YES;
				CLANG_ENABLE_OBJC_ARC = YES;
				CLANG_ENABLE_OBJC_WEAK = YES;
				CLANG_WARN_BLOCK_CAPTURE_AUTORELEASING = YES;
				CLANG_WARN_BOOL_CONVERSION = YES;
				CLANG_WARN_COMMA = YES;
				CLANG_WARN_CONSTANT_CONVERSION = YES;
				CLANG_WARN_DEPRECATED_OBJC_IMPLEMENTATIONS = YES;
				CLANG_WARN_DIRECT_OBJC_ISA_USAGE = YES_ERROR;
				CLANG_WARN_DOCUMENTATION_COMMENTS = YES;
				CLANG_WARN_EMPTY_BODY = YES;
				CLANG_WARN_ENUM_CONVERSION = YES;
				CLANG_WARN_INFINITE_RECURSION = YES;
				CLANG_WARN_INT_CONVERSION = YES;
				CLANG_WARN_NON_LITERAL_NULL_CONVERSION = YES;
				CLANG_WARN_OBJC_IMPLICIT_RETAIN_SELF = YES;
				CLANG_WARN_OBJC_LITERAL_CONVERSION = YES;
				CLANG_WARN_OBJC_ROOT_CLASS = YES_ERROR;
				CLANG_WARN_QUOTED_INCLUDE_IN_FRAMEWORK_HEADER = YES;
				CLANG_WARN_RANGE_LOOP_ANALYSIS = YES;
				CLANG_WARN_STRICT_PROTOTYPES = YES;
				CLANG_WARN_SUSPICIOUS_MOVE = YES;
				CLANG_WARN_UNGUARDED_AVAILABILITY = YES_AGGRESSIVE;
				CLANG_WARN_UNREACHABLE_CODE = YES;
				CLANG_WARN__DUPLICATE_METHOD_MATCH = YES;
				COPY_PHASE_STRIP = NO;
				DEBUG_INFORMATION_FORMAT = dwarf;
				ENABLE_STRICT_OBJC_MSGSEND = YES;
				ENABLE_TESTABILITY = YES;
				ENABLE_USER_SCRIPT_SANDBOXING = YES;
				GCC_C_LANGUAGE_STANDARD = gnu17;
				GCC_DYNAMIC_NO_PIC = NO;
				GCC_NO_COMMON_BLOCKS = YES;
				GCC_OPTIMIZATION_LEVEL = 0;
				GCC_PREPROCESSOR_DEFINITIONS = (
					"DEBUG=1",
					"$(inherited)",
				);
				GCC_WARN_64_TO_32_BIT_CONVERSION = YES;
				GCC_WARN_ABOUT_RETURN_TYPE = YES_ERROR;
				GCC_WARN_UNDECLARED_SELECTOR = YES;
				GCC_WARN_UNINITIALIZED_AUTOS = YES_AGGRESSIVE;
				GCC_WARN_UNUSED_FUNCTION = YES;
				GCC_WARN_UNUSED_VARIABLE = YES;
				IPHONEOS_DEPLOYMENT_TARGET = 16.0;
				LOCALIZATION_PREFERS_STRING_CATALOGS = YES;
				MTL_ENABLE_DEBUG_INFO = INCLUDE_SOURCE;
				MTL_FAST_MATH = YES;
				ONLY_ACTIVE_ARCH = YES;
				SDKROOT = iphoneos;
				SWIFT_ACTIVE_COMPILATION_CONDITIONS = "DEBUG $(inherited)";
				SWIFT_OPTIMIZATION_LEVEL = "-Onone";
			};
			name = Debug;
		};
		B2E14ACC2D2EAF1E00CA7D5A /* Release */ = {
			isa = XCBuildConfiguration;
			buildSettings = {
				ALWAYS_SEARCH_USER_PATHS = NO;
				ASSETCATALOG_COMPILER_GENERATE_SWIFT_ASSET_SYMBOL_EXTENSIONS = YES;
				CLANG_ANALYZER_NONNULL = YES;
				CLANG_ANALYZER_NUMBER_OBJECT_CONVERSION = YES_AGGRESSIVE;
				CLANG_CXX_LANGUAGE_STANDARD = "gnu++20";
				CLANG_ENABLE_MODULES = YES;
				CLANG_ENABLE_OBJC_ARC = YES;
				CLANG_ENABLE_OBJC_WEAK = YES;
				CLANG_WARN_BLOCK_CAPTURE_AUTORELEASING = YES;
				CLANG_WARN_BOOL_CONVERSION = YES;
				CLANG_WARN_COMMA = YES;
				CLANG_WARN_CONSTANT_CONVERSION = YES;
				CLANG_WARN_DEPRECATED_OBJC_IMPLEMENTATIONS = YES;
				CLANG_WARN_DIRECT_OBJC_ISA_USAGE = YES_ERROR;
				CLANG_WARN_DOCUMENTATION_COMMENTS = YES;
				CLANG_WARN_EMPTY_BODY = YES;
				CLANG_WARN_ENUM_CONVERSION = YES;
				CLANG_WARN_INFINITE_RECURSION = YES;
				CLANG_WARN_INT_CONVERSION = YES;
				CLANG_WARN_NON_LITERAL_NULL_CONVERSION = YES;
				CLANG_WARN_OBJC_IMPLICIT_RETAIN_SELF = YES;
				CLANG_WARN_OBJC_LITERAL_CONVERSION = YES;
				CLANG_WARN_OBJC_ROOT_CLASS = YES_ERROR;
				CLANG_WARN_QUOTED_INCLUDE_IN_FRAMEWORK_HEADER = YES;
				CLANG_WARN_RANGE_LOOP_ANALYSIS = YES;
				CLANG_WARN_STRICT_PROTOTYPES = YES;
				CLANG_WARN_SUSPICIOUS_MOVE = YES;
				CLANG_WARN_UNGUARDED_AVAILABILITY = YES_AGGRESSIVE;
				CLANG_WARN_UNREACHABLE_CODE = YES;
				CLANG_WARN__DUPLICATE_METHOD_MATCH = YES;
				COPY_PHASE_STRIP = NO;
				DEBUG_INFORMATION_FORMAT = "dwarf-with-dsym";
				ENABLE_NS_ASSERTIONS = NO;
				ENABLE_STRICT_OBJC_MSGSEND = YES;
				ENABLE_USER_SCRIPT_SANDBOXING = YES;
				GCC_C_LANGUAGE_STANDARD = gnu17;
				GCC_NO_COMMON_BLOCKS = YES;
				GCC_WARN_64_TO_32_BIT_CONVERSION = YES;
				GCC_WARN_ABOUT_RETURN_TYPE = YES_ERROR;
				GCC_WARN_UNDECLARED_SELECTOR = YES;
				GCC_WARN_UNINITIALIZED_AUTOS = YES_AGGRESSIVE;
				GCC_WARN_UNUSED_FUNCTION = YES;
				GCC_WARN_UNUSED_VARIABLE = YES;
				IPHONEOS_DEPLOYMENT_TARGET = 16.0;
				LOCALIZATION_PREFERS_STRING_CATALOGS = YES;
				MTL_ENABLE_DEBUG_INFO = NO;
				MTL_FAST_MATH = YES;
				SDKROOT = iphoneos;
				SWIFT_COMPILATION_MODE = wholemodule;
				VALIDATE_PRODUCT = YES;
			};
			name = Release;
		};
		B2E14ACE2D2EAF1E00CA7D5A /* Debug */ = {
			isa = XCBuildConfiguration;
			buildSettings = {
				ASSETCATALOG_COMPILER_APPICON_NAME = AppIcon;
				ASSETCATALOG_COMPILER_GLOBAL_ACCENT_COLOR_NAME = AccentColor;
				CODE_SIGN_STYLE = Automatic;
				CURRENT_PROJECT_VERSION = 1;
				DEVELOPMENT_ASSET_PATHS = "\"Game-Master-AI/Preview Content\"";
				DEVELOPMENT_TEAM = J6U333HZ7J;
				ENABLE_PREVIEWS = YES;
				GENERATE_INFOPLIST_FILE = YES;
				INFOPLIST_FILE = "Game-Master-AI/Info.plist";
				INFOPLIST_KEY_CFBundleDisplayName = "Game Scanner";
				INFOPLIST_KEY_LSApplicationCategoryType = "public.app-category.entertainment";
				INFOPLIST_KEY_NSCameraUsageDescription = "This app needs access to the camera to take a photo of the game manual.";
				INFOPLIST_KEY_NSDocumentsFolderUsageDescription = "This app needs access to your files to import a game manual in PDF format.";
				INFOPLIST_KEY_NSLocalNetworkUsageDescription = "We do not need your local network usage, so do as you wish";
				INFOPLIST_KEY_NSMicrophoneUsageDescription = "This app needs access to your microphone to enable voice input for chat messages.";
				INFOPLIST_KEY_NSPhotoLibraryAddUsageDescription = "This app needs access to your photo gallery to select a game manual photos.";
				INFOPLIST_KEY_NSUserTrackingUsageDescription = "We use your data to show you personalized ads and improve your experience.";
				INFOPLIST_KEY_UIApplicationSceneManifest_Generation = YES;
				INFOPLIST_KEY_UIApplicationSupportsIndirectInputEvents = YES;
				INFOPLIST_KEY_UILaunchScreen_Generation = YES;
				INFOPLIST_KEY_UISupportedInterfaceOrientations = UIInterfaceOrientationPortrait;
				INFOPLIST_KEY_UISupportedInterfaceOrientations_iPad = "UIInterfaceOrientationPortrait UIInterfaceOrientationPortraitUpsideDown";
				INFOPLIST_KEY_UISupportsDocumentBrowser = YES;
				LD_RUNPATH_SEARCH_PATHS = (
					"$(inherited)",
					"@executable_path/Frameworks",
				);
				MARKETING_VERSION = 1.0;
				PRODUCT_BUNDLE_IDENTIFIER = "lukaszbielawski.Game-Master-AI";
				PRODUCT_NAME = "$(TARGET_NAME)";
				SWIFT_EMIT_LOC_STRINGS = YES;
				SWIFT_VERSION = 5.0;
				TARGETED_DEVICE_FAMILY = "1,2";
				_EXPERIMENTAL_SWIFT_EXPLICIT_MODULES = YES;
			};
			name = Debug;
		};
		B2E14ACF2D2EAF1E00CA7D5A /* Release */ = {
			isa = XCBuildConfiguration;
			buildSettings = {
				ASSETCATALOG_COMPILER_APPICON_NAME = AppIcon;
				ASSETCATALOG_COMPILER_GLOBAL_ACCENT_COLOR_NAME = AccentColor;
				CODE_SIGN_STYLE = Automatic;
				CURRENT_PROJECT_VERSION = 1;
				DEVELOPMENT_ASSET_PATHS = "\"Game-Master-AI/Preview Content\"";
				DEVELOPMENT_TEAM = J6U333HZ7J;
				ENABLE_PREVIEWS = YES;
				GENERATE_INFOPLIST_FILE = YES;
				INFOPLIST_FILE = "Game-Master-AI/Info.plist";
				INFOPLIST_KEY_CFBundleDisplayName = "Game Scanner";
				INFOPLIST_KEY_LSApplicationCategoryType = "public.app-category.entertainment";
				INFOPLIST_KEY_NSCameraUsageDescription = "This app needs access to the camera to take a photo of the game manual.";
				INFOPLIST_KEY_NSDocumentsFolderUsageDescription = "This app needs access to your files to import a game manual in PDF format.";
				INFOPLIST_KEY_NSLocalNetworkUsageDescription = "We do not need your local network usage, so do as you wish";
				INFOPLIST_KEY_NSMicrophoneUsageDescription = "This app needs access to your microphone to enable voice input for chat messages.";
				INFOPLIST_KEY_NSPhotoLibraryAddUsageDescription = "This app needs access to your photo gallery to select a game manual photos.";
				INFOPLIST_KEY_NSUserTrackingUsageDescription = "We use your data to show you personalized ads and improve your experience.";
				INFOPLIST_KEY_UIApplicationSceneManifest_Generation = YES;
				INFOPLIST_KEY_UIApplicationSupportsIndirectInputEvents = YES;
				INFOPLIST_KEY_UILaunchScreen_Generation = YES;
				INFOPLIST_KEY_UISupportedInterfaceOrientations = UIInterfaceOrientationPortrait;
				INFOPLIST_KEY_UISupportedInterfaceOrientations_iPad = "UIInterfaceOrientationPortrait UIInterfaceOrientationPortraitUpsideDown";
				INFOPLIST_KEY_UISupportsDocumentBrowser = YES;
				LD_RUNPATH_SEARCH_PATHS = (
					"$(inherited)",
					"@executable_path/Frameworks",
				);
				MARKETING_VERSION = 1.0;
				PRODUCT_BUNDLE_IDENTIFIER = "lukaszbielawski.Game-Master-AI";
				PRODUCT_NAME = "$(TARGET_NAME)";
				SWIFT_EMIT_LOC_STRINGS = YES;
				SWIFT_VERSION = 5.0;
				TARGETED_DEVICE_FAMILY = "1,2";
				_EXPERIMENTAL_SWIFT_EXPLICIT_MODULES = YES;
			};
			name = Release;
		};
/* End XCBuildConfiguration section */

/* Begin XCConfigurationList section */
		B2E14ABA2D2EAF1D00CA7D5A /* Build configuration list for PBXProject "Game-Master-AI" */ = {
			isa = XCConfigurationList;
			buildConfigurations = (
				B2E14ACB2D2EAF1E00CA7D5A /* Debug */,
				B2E14ACC2D2EAF1E00CA7D5A /* Release */,
			);
			defaultConfigurationIsVisible = 0;
			defaultConfigurationName = Release;
		};
		B2E14ACD2D2EAF1E00CA7D5A /* Build configuration list for PBXNativeTarget "Game-Master-AI" */ = {
			isa = XCConfigurationList;
			buildConfigurations = (
				B2E14ACE2D2EAF1E00CA7D5A /* Debug */,
				B2E14ACF2D2EAF1E00CA7D5A /* Release */,
			);
			defaultConfigurationIsVisible = 0;
			defaultConfigurationName = Release;
		};
/* End XCConfigurationList section */

/* Begin XCLocalSwiftPackageReference section */
		B2E14AD02D2EAF3600CA7D5A /* XCLocalSwiftPackageReference "../Essentials" */ = {
			isa = XCLocalSwiftPackageReference;
			relativePath = ../Essentials;
		};
/* End XCLocalSwiftPackageReference section */

/* Begin XCSwiftPackageProductDependency section */
		B2DF20212D2EB78600301845 /* Essentials */ = {
			isa = XCSwiftPackageProductDependency;
			package = B2E14AD02D2EAF3600CA7D5A /* XCLocalSwiftPackageReference "../Essentials" */;
			productName = Essentials;
		};
/* End XCSwiftPackageProductDependency section */
	};
	rootObject = B2E14AB72D2EAF1D00CA7D5A /* Project object */;
}
